PODS:
  - Nimble (5.1.1)
  - Quick (1.1.0)
  - SwiftyJSON (3.1.4)

DEPENDENCIES:
  - Nimble (~> 5.0)
  - Quick (~> 1.0)
  - SwiftyJSON (~> 3.0)

SPEC CHECKSUMS:
  Nimble: 415e3aa3267e7bc2c96b05fa814ddea7bb686a29
  Quick: dafc587e21eed9f4cab3249b9f9015b0b7a7f71d
  SwiftyJSON: c2842d878f95482ffceec5709abc3d05680c0220

PODFILE CHECKSUM: 32e8a436ab1475e57b630f99c14d07ef2557bec1

COCOAPODS: 1.2.0
