PODS:
  - Nimble (5.0.0)
  - Quick (0.10.0)
  - SwiftyJSON (3.0.0)

DEPENDENCIES:
  - Nimble (~> 5.0)
  - Quick (~> 0.10)
  - SwiftyJSON (~> 3.0)

SPEC CHECKSUMS:
  Nimble: 56fc9f5020effa2206de22c3dd910f4fb011b92f
  Quick: 5d290df1c69d5ee2f0729956dcf0fd9a30447eaa
  SwiftyJSON: f57b2b44bc166617372d1c70773591fe9f0f5fd4

PODFILE CHECKSUM: 0f7fdda4d66cc3719aef3fde1c0760a3c427ba11

COCOAPODS: 1.1.0.rc.2
