PODS:
  - Fakery (1.2.0):
    - SwiftyJSON
  - Nimble (4.0.1)
  - Quick (0.9.2)
  - SwiftyJSON (2.3.2)

DEPENDENCIES:
  - Fakery (~> 1.2)
  - Nimble (~> 4.0)
  - Quick (~> 0.9)
  - SwiftyJSON (~> 2.3)

SPEC CHECKSUMS:
  Fakery: ff6a27c3688a05c055d3e64c5fa9d78684796749
  Nimble: 0f3c8b8b084cda391209c3c5efbb48bedeeb920a
  Quick: 18d057bc66451eedd5d1c8dc99ba2a5db6e60226
  SwiftyJSON: 04ccea08915aa0109039157c7974cf0298da292a

COCOAPODS: 0.38.2
