PODS:
  - Alamofire (3.4.1)
  - Fakery (1.3.0):
    - SwiftyJSON
  - HanekeSwift (0.10.1)
  - Kakapo (0.0.1-beta2)
  - SnapKit (0.21.1)
  - SwiftyJSON (2.3.2)

DEPENDENCIES:
  - Alamofire (~> 3.4)
  - Fakery (~> 1.3)
  - HanekeSwift (~> 0.10)
  - Kakapo (from `../../Kakapo.podspec`)
  - SnapKit (~> 0.21)
  - SwiftyJSON (~> 2.3)

EXTERNAL SOURCES:
  Kakapo:
    :path: "../../Kakapo.podspec"

SPEC CHECKSUMS:
  Alamofire: 01a82e2f6c0f860ade35534c8dd88be61bdef40c
  Fakery: 8e6f7da2feb311a90a956ab9b9b2ce72106d1787
  HanekeSwift: 08e47d3d0f2899ec58e5d257beba0de619aca9e8
  Kakapo: 7112e4839d009074155988995e19b26457eb537b
  SnapKit: bbad04cb016c7cead63965f16b00c09318d271ee
  SwiftyJSON: 04ccea08915aa0109039157c7974cf0298da292a

PODFILE CHECKSUM: b56879d78a285fd4942e3c958ca84679d75f3a9e

COCOAPODS: 1.0.1
