PODS:
  - Alamofire (4.0.0)
  - Fakery (2.0.0):
    - SwiftyJSON (~> 3.0)
  - HanekeSwift (0.10.1)
  - Kakapo (2.1.0):
    - Kakapo/Serialization (= 2.1.0)
  - Kakapo/Serialization (2.1.0)
  - SnapKit (3.0.1)
  - SwiftyJSON (3.0.0)

DEPENDENCIES:
  - Alamofire (~> 4.0)
  - Fakery (from `https://github.com/PotomacInnovation/Fakery.git`, branch `feature/swift3`)
  - HanekeSwift (from `https://github.com/Haneke/HanekeSwift.git`, branch `feature/swift-3`)
  - Kakapo (from `../../Kakapo.podspec`)
  - SnapKit (~> 3.0)
  - SwiftyJSON (~> 3.0)

EXTERNAL SOURCES:
  Fakery:
    :branch: feature/swift3
    :git: https://github.com/PotomacInnovation/Fakery.git
  HanekeSwift:
    :branch: feature/swift-3
    :git: https://github.com/Haneke/HanekeSwift.git
  Kakapo:
    :path: "../../Kakapo.podspec"

CHECKOUT OPTIONS:
  Fakery:
    :commit: 1fff0635fed0594d037b25d773f4ee80da36b811
    :git: https://github.com/PotomacInnovation/Fakery.git
  HanekeSwift:
    :commit: 3fb394f3769303685c9e0e692c9065e6a037b30a
    :git: https://github.com/Haneke/HanekeSwift.git

SPEC CHECKSUMS:
  Alamofire: fef59f00388f267e52d9b432aa5d93dc97190f14
  Fakery: 8eeede253b9b373f8cdb517c799a721655b040a7
  HanekeSwift: 4113367892828e7700d24a384027de6ebc79aad1
  Kakapo: 4f5617f27f3f504e7f3d43858bbf4b444bf1a605
  SnapKit: f818b8326d45b4e1c777d0ab27b5c0a3624bfdeb
  SwiftyJSON: f57b2b44bc166617372d1c70773591fe9f0f5fd4

PODFILE CHECKSUM: 6facf4fb2df738e8c6bc613d3f386c66661a6e33

COCOAPODS: 1.2.0
