// !$*UTF8*$!
{
	archiveVersion = 1;
	classes = {
	};
	objectVersion = 46;
	objects = {

/* Begin PBXBuildFile section */
		DE9352591CAAEA1100AD534C /* AppDelegate.swift in Sources */ = {isa = PBXBuildFile; fileRef = DE9352581CAAEA1100AD534C /* AppDelegate.swift */; };
		DE93525B1CAAEA1100AD534C /* ViewController.swift in Sources */ = {isa = PBXBuildFile; fileRef = DE93525A1CAAEA1100AD534C /* ViewController.swift */; };
		DE93525E1CAAEA1100AD534C /* Main.storyboard in Resources */ = {isa = PBXBuildFile; fileRef = DE93525C1CAAEA1100AD534C /* Main.storyboard */; };
		DE9352601CAAEA1100AD534C /* Assets.xcassets in Resources */ = {isa = PBXBuildFile; fileRef = DE93525F1CAAEA1100AD534C /* Assets.xcassets */; };
		DE9352631CAAEA1100AD534C /* LaunchScreen.storyboard in Resources */ = {isa = PBXBuildFile; fileRef = DE9352611CAAEA1100AD534C /* LaunchScreen.storyboard */; };
/* End PBXBuildFile section */

/* Begin PBXFileReference section */
		DE9352551CAAEA1100AD534C /* Kakapo.app */ = {isa = PBXFileReference; explicitFileType = wrapper.application; includeInIndex = 0; path = Kakapo.app; sourceTree = BUILT_PRODUCTS_DIR; };
		DE9352581CAAEA1100AD534C /* AppDelegate.swift */ = {isa = PBXFileReference; lastKnownFileType = sourcecode.swift; path = AppDelegate.swift; sourceTree = "<group>"; };
		DE93525A1CAAEA1100AD534C /* ViewController.swift */ = {isa = PBXFileReference; lastKnownFileType = sourcecode.swift; path = ViewController.swift; sourceTree = "<group>"; };
		DE93525D1CAAEA1100AD534C /* Base */ = {isa = PBXFileReference; lastKnownFileType = file.storyboard; name = Base; path = Base.lproj/Main.storyboard; sourceTree = "<group>"; };
		DE93525F1CAAEA1100AD534C /* Assets.xcassets */ = {isa = PBXFileReference; lastKnownFileType = folder.assetcatalog; path = Assets.xcassets; sourceTree = "<group>"; };
		DE9352621CAAEA1100AD534C /* Base */ = {isa = PBXFileReference; lastKnownFileType = file.storyboard; name = Base; path = Base.lproj/LaunchScreen.storyboard; sourceTree = "<group>"; };
		DE9352641CAAEA1100AD534C /* Info.plist */ = {isa = PBXFileReference; lastKnownFileType = text.plist.xml; path = Info.plist; sourceTree = "<group>"; };
/* End PBXFileReference section */

/* Begin PBXFrameworksBuildPhase section */
		DE9352521CAAEA1100AD534C /* Frameworks */ = {
			isa = PBXFrameworksBuildPhase;
			buildActionMask = 2147483647;
			files = (
			);
			runOnlyForDeploymentPostprocessing = 0;
		};
/* End PBXFrameworksBuildPhase section */

/* Begin PBXGroup section */
		DE93524C1CAAEA1100AD534C = {
			isa = PBXGroup;
			children = (
				DE9352571CAAEA1100AD534C /* Kakapo */,
				DE9352561CAAEA1100AD534C /* Products */,
			);
			sourceTree = "<group>";
		};
		DE9352561CAAEA1100AD534C /* Products */ = {
			isa = PBXGroup;
			children = (
				DE9352551CAAEA1100AD534C /* Kakapo.app */,
			);
			name = Products;
			sourceTree = "<group>";
		};
		DE9352571CAAEA1100AD534C /* Kakapo */ = {
			isa = PBXGroup;
			children = (
				DE9352581CAAEA1100AD534C /* AppDelegate.swift */,
				DE93525A1CAAEA1100AD534C /* ViewController.swift */,
				DE93525C1CAAEA1100AD534C /* Main.storyboard */,
				DE93525F1CAAEA1100AD534C /* Assets.xcassets */,
				DE9352611CAAEA1100AD534C /* LaunchScreen.storyboard */,
				DE9352641CAAEA1100AD534C /* Info.plist */,
			);
			path = Kakapo;
			sourceTree = "<group>";
		};
/* End PBXGroup section */

/* Begin PBXNativeTarget section */
		DE9352541CAAEA1100AD534C /* Kakapo */ = {
			isa = PBXNativeTarget;
			buildConfigurationList = DE9352671CAAEA1100AD534C /* Build configuration list for PBXNativeTarget "Kakapo" */;
			buildPhases = (
				DE9352511CAAEA1100AD534C /* Sources */,
				DE9352521CAAEA1100AD534C /* Frameworks */,
				DE9352531CAAEA1100AD534C /* Resources */,
			);
			buildRules = (
			);
			dependencies = (
			);
			name = Kakapo;
			productName = Kakapo;
			productReference = DE9352551CAAEA1100AD534C /* Kakapo.app */;
			productType = "com.apple.product-type.application";
		};
/* End PBXNativeTarget section */

/* Begin PBXProject section */
		DE93524D1CAAEA1100AD534C /* Project object */ = {
			isa = PBXProject;
			attributes = {
				LastSwiftUpdateCheck = 0730;
				LastUpgradeCheck = 0730;
				ORGANIZATIONNAME = devlucky;
				TargetAttributes = {
					DE9352541CAAEA1100AD534C = {
						CreatedOnToolsVersion = 7.3;
					};
				};
			};
			buildConfigurationList = DE9352501CAAEA1100AD534C /* Build configuration list for PBXProject "Kakapo" */;
			compatibilityVersion = "Xcode 3.2";
			developmentRegion = English;
			hasScannedForEncodings = 0;
			knownRegions = (
				en,
				Base,
			);
			mainGroup = DE93524C1CAAEA1100AD534C;
			productRefGroup = DE9352561CAAEA1100AD534C /* Products */;
			projectDirPath = "";
			projectRoot = "";
			targets = (
				DE9352541CAAEA1100AD534C /* Kakapo */,
			);
		};
/* End PBXProject section */

/* Begin PBXResourcesBuildPhase section */
		DE9352531CAAEA1100AD534C /* Resources */ = {
			isa = PBXResourcesBuildPhase;
			buildActionMask = 2147483647;
			files = (
				DE9352631CAAEA1100AD534C /* LaunchScreen.storyboard in Resources */,
				DE9352601CAAEA1100AD534C /* Assets.xcassets in Resources */,
				DE93525E1CAAEA1100AD534C /* Main.storyboard in Resources */,
			);
			runOnlyForDeploymentPostprocessing = 0;
		};
/* End PBXResourcesBuildPhase section */

/* Begin PBXSourcesBuildPhase section */
		DE9352511CAAEA1100AD534C /* Sources */ = {
			isa = PBXSourcesBuildPhase;
			buildActionMask = 2147483647;
			files = (
				DE93525B1CAAEA1100AD534C /* ViewController.swift in Sources */,
				DE9352591CAAEA1100AD534C /* AppDelegate.swift in Sources */,
			);
			runOnlyForDeploymentPostprocessing = 0;
		};
/* End PBXSourcesBuildPhase section */

/* Begin PBXVariantGroup section */
		DE93525C1CAAEA1100AD534C /* Main.storyboard */ = {
			isa = PBXVariantGroup;
			children = (
				DE93525D1CAAEA1100AD534C /* Base */,
			);
			name = Main.storyboard;
			sourceTree = "<group>";
		};
		DE9352611CAAEA1100AD534C /* LaunchScreen.storyboard */ = {
			isa = PBXVariantGroup;
			children = (
				DE9352621CAAEA1100AD534C /* Base */,
			);
			name = LaunchScreen.storyboard;
			sourceTree = "<group>";
		};
/* End PBXVariantGroup section */

/* Begin XCBuildConfiguration section */
		DE9352651CAAEA1100AD534C /* Debug */ = {
			isa = XCBuildConfiguration;
			buildSettings = {
				ALWAYS_SEARCH_USER_PATHS = NO;
				CLANG_ANALYZER_NONNULL = YES;
				CLANG_CXX_LANGUAGE_STANDARD = "gnu++0x";
				CLANG_CXX_LIBRARY = "libc++";
				CLANG_ENABLE_MODULES = YES;
				CLANG_ENABLE_OBJC_ARC = YES;
				CLANG_WARN_BOOL_CONVERSION = YES;
				CLANG_WARN_CONSTANT_CONVERSION = YES;
				CLANG_WARN_DIRECT_OBJC_ISA_USAGE = YES_ERROR;
				CLANG_WARN_EMPTY_BODY = YES;
				CLANG_WARN_ENUM_CONVERSION = YES;
				CLANG_WARN_INT_CONVERSION = YES;
				CLANG_WARN_OBJC_ROOT_CLASS = YES_ERROR;
				CLANG_WARN_UNREACHABLE_CODE = YES;
				CLANG_WARN__DUPLICATE_METHOD_MATCH = YES;
				"CODE_SIGN_IDENTITY[sdk=iphoneos*]" = "iPhone Developer";
				COPY_PHASE_STRIP = NO;
				DEBUG_INFORMATION_FORMAT = dwarf;
				ENABLE_STRICT_OBJC_MSGSEND = YES;
				ENABLE_TESTABILITY = YES;
				GCC_C_LANGUAGE_STANDARD = gnu99;
				GCC_DYNAMIC_NO_PIC = NO;
				GCC_NO_COMMON_BLOCKS = YES;
				GCC_OPTIMIZATION_LEVEL = 0;
				GCC_PREPROCESSOR_DEFINITIONS = (
					"DEBUG=1",
					"$(inherited)",
				);
				GCC_WARN_64_TO_32_BIT_CONVERSION = YES;
				GCC_WARN_ABOUT_RETURN_TYPE = YES_ERROR;
				GCC_WARN_UNDECLARED_SELECTOR = YES;
				GCC_WARN_UNINITIALIZED_AUTOS = YES_AGGRESSIVE;
				GCC_WARN_UNUSED_FUNCTION = YES;
				GCC_WARN_UNUSED_VARIABLE = YES;
				IPHONEOS_DEPLOYMENT_TARGET = 9.3;
				MTL_ENABLE_DEBUG_INFO = YES;
				ONLY_ACTIVE_ARCH = YES;
				SDKROOT = iphoneos;
				SWIFT_OPTIMIZATION_LEVEL = "-Onone";
			};
			name = Debug;
		};
		DE9352661CAAEA1100AD534C /* Release */ = {
			isa = XCBuildConfiguration;
			buildSettings = {
				ALWAYS_SEARCH_USER_PATHS = NO;
				CLANG_ANALYZER_NONNULL = YES;
				CLANG_CXX_LANGUAGE_STANDARD = "gnu++0x";
				CLANG_CXX_LIBRARY = "libc++";
				CLANG_ENABLE_MODULES = YES;
				CLANG_ENABLE_OBJC_ARC = YES;
				CLANG_WARN_BOOL_CONVERSION = YES;
				CLANG_WARN_CONSTANT_CONVERSION = YES;
				CLANG_WARN_DIRECT_OBJC_ISA_USAGE = YES_ERROR;
				CLANG_WARN_EMPTY_BODY = YES;
				CLANG_WARN_ENUM_CONVERSION = YES;
				CLANG_WARN_INT_CONVERSION = YES;
				CLANG_WARN_OBJC_ROOT_CLASS = YES_ERROR;
				CLANG_WARN_UNREACHABLE_CODE = YES;
				CLANG_WARN__DUPLICATE_METHOD_MATCH = YES;
				"CODE_SIGN_IDENTITY[sdk=iphoneos*]" = "iPhone Developer";
				COPY_PHASE_STRIP = NO;
				DEBUG_INFORMATION_FORMAT = "dwarf-with-dsym";
				ENABLE_NS_ASSERTIONS = NO;
				ENABLE_STRICT_OBJC_MSGSEND = YES;
				GCC_C_LANGUAGE_STANDARD = gnu99;
				GCC_NO_COMMON_BLOCKS = YES;
				GCC_WARN_64_TO_32_BIT_CONVERSION = YES;
				GCC_WARN_ABOUT_RETURN_TYPE = YES_ERROR;
				GCC_WARN_UNDECLARED_SELECTOR = YES;
				GCC_WARN_UNINITIALIZED_AUTOS = YES_AGGRESSIVE;
				GCC_WARN_UNUSED_FUNCTION = YES;
				GCC_WARN_UNUSED_VARIABLE = YES;
				IPHONEOS_DEPLOYMENT_TARGET = 9.3;
				MTL_ENABLE_DEBUG_INFO = NO;
				SDKROOT = iphoneos;
				VALIDATE_PRODUCT = YES;
			};
			name = Release;
		};
		DE9352681CAAEA1100AD534C /* Debug */ = {
			isa = XCBuildConfiguration;
			buildSettings = {
				ASSETCATALOG_COMPILER_APPICON_NAME = AppIcon;
				INFOPLIST_FILE = Kakapo/Info.plist;
				LD_RUNPATH_SEARCH_PATHS = "$(inherited) @executable_path/Frameworks";
				PRODUCT_BUNDLE_IDENTIFIER = com.devlucky.Kakapo;
				PRODUCT_NAME = "$(TARGET_NAME)";
			};
			name = Debug;
		};
		DE9352691CAAEA1100AD534C /* Release */ = {
			isa = XCBuildConfiguration;
			buildSettings = {
				ASSETCATALOG_COMPILER_APPICON_NAME = AppIcon;
				INFOPLIST_FILE = Kakapo/Info.plist;
				LD_RUNPATH_SEARCH_PATHS = "$(inherited) @executable_path/Frameworks";
				PRODUCT_BUNDLE_IDENTIFIER = com.devlucky.Kakapo;
				PRODUCT_NAME = "$(TARGET_NAME)";
			};
			name = Release;
		};
/* End XCBuildConfiguration section */

/* Begin XCConfigurationList section */
		DE9352501CAAEA1100AD534C /* Build configuration list for PBXProject "Kakapo" */ = {
			isa = XCConfigurationList;
			buildConfigurations = (
				DE9352651CAAEA1100AD534C /* Debug */,
				DE9352661CAAEA1100AD534C /* Release */,
			);
			defaultConfigurationIsVisible = 0;
			defaultConfigurationName = Release;
		};
		DE9352671CAAEA1100AD534C /* Build configuration list for PBXNativeTarget "Kakapo" */ = {
			isa = XCConfigurationList;
			buildConfigurations = (
				DE9352681CAAEA1100AD534C /* Debug */,
				DE9352691CAAEA1100AD534C /* Release */,
			);
			defaultConfigurationIsVisible = 0;
		};
/* End XCConfigurationList section */
	};
	rootObject = DE93524D1CAAEA1100AD534C /* Project object */;
}
